# This file is generated by running "yarn install" inside your project.
# Manual changes might be lost - proceed with caution!

__metadata:
  version: 8
  cacheKey: 10c0

"@eklingen/glob-importers@workspace:.":
  version: 0.0.0-use.local
  resolution: "@eklingen/glob-importers@workspace:."
  dependencies:
    tinyglobby: "npm:0.2.10"
  languageName: unknown
  linkType: soft

"fdir@npm:^6.4.2":
  version: 6.4.2
  resolution: "fdir@npm:6.4.2"
  peerDependencies:
    picomatch: ^3 || ^4
  peerDependenciesMeta:
    picomatch:
      optional: true
  checksum: 10c0/34829886f34a3ca4170eca7c7180ec4de51a3abb4d380344063c0ae2e289b11d2ba8b724afee974598c83027fea363ff598caf2b51bc4e6b1e0d8b80cc530573
  languageName: node
  linkType: hard

"picomatch@npm:^4.0.2":
  version: 4.0.2
  resolution: "picomatch@npm:4.0.2"
  checksum: 10c0/7c51f3ad2bb42c776f49ebf964c644958158be30d0a510efd5a395e8d49cb5acfed5b82c0c5b365523ce18e6ab85013c9ebe574f60305892ec3fa8eee8304ccc
  languageName: node
  linkType: hard

"tinyglobby@npm:0.2.10":
  version: 0.2.10
  resolution: "tinyglobby@npm:0.2.10"
  dependencies:
    fdir: "npm:^6.4.2"
    picomatch: "npm:^4.0.2"
  checksum: 10c0/ce946135d39b8c0e394e488ad59f4092e8c4ecd675ef1bcd4585c47de1b325e61ec6adfbfbe20c3c2bfa6fd674c5b06de2a2e65c433f752ae170aff11793e5ef
  languageName: node
  linkType: hard
